
Microsoft Visual Studio Solution File, Format Version 12.00
# Visual Studio Version 16
VisualStudioVersion = 16.0.33920.266
MinimumVisualStudioVersion = 10.0.40219.1
Project("{FAE04EC0-301F-11D3-BF4B-00C04F79EFBC}") = "udemy_course_demo", "udemy_course_demo\udemy_course_demo.csproj", "{09210D4B-1BD2-4088-95F0-113767A632AC}"
EndProject
Global
	GlobalSection(SolutionConfigurationPlatforms) = preSolution
		Debug|Any CPU = Debug|Any CPU
		Release|Any CPU = Release|Any CPU
	EndGlobalSection
	GlobalSection(ProjectConfigurationPlatforms) = postSolution
		{09210D4B-1BD2-4088-95F0-113767A632AC}.Debug|Any CPU.ActiveCfg = Debug|Any CPU
		{09210D4B-1BD2-4088-95F0-113767A632AC}.Debug|Any CPU.Build.0 = Debug|Any CPU
		{09210D4B-1BD2-4088-95F0-113767A632AC}.Release|Any CPU.ActiveCfg = Release|Any CPU
		{09210D4B-1BD2-4088-95F0-113767A632AC}.Release|Any CPU.Build.0 = Release|Any CPU
	EndGlobalSection
	GlobalSection(SolutionProperties) = preSolution
		HideSolutionNode = FALSE
	EndGlobalSection
	GlobalSection(ExtensibilityGlobals) = postSolution
		SolutionGuid = {7BEEA89E-1599-40BD-A2BE-DD40D244B1C8}
	EndGlobalSection
EndGlobal
